<?xml version="1.0" encoding="utf-8"?>
<Project ToolsVersion="4.0" xmlns="http://schemas.microsoft.com/developer/msbuild/2003">
  <ItemGroup>
    <Filter Include="Source Files">
      <UniqueIdentifier>{4FC737F1-C7A5-4376-A066-2A32D752A2FF}</UniqueIdentifier>
      <Extensions>cpp;c;cc;cxx;c++;cppm;ixx;def;odl;idl;hpj;bat;asm;asmx</Extensions>
    </Filter>
    <Filter Include="Header Files">
      <UniqueIdentifier>{93995380-89BD-4b04-88EB-625FBE52EBFB}</UniqueIdentifier>
      <Extensions>h;hh;hpp;hxx;h++;hm;inl;inc;ipp;xsd</Extensions>
    </Filter>
    <Filter Include="Resource Files">
      <UniqueIdentifier>{67DA6AB6-F800-4c08-8B7A-83BB121AAD01}</UniqueIdentifier>
      <Extensions>rc;ico;cur;bmp;dlg;rc2;rct;bin;rgs;gif;jpg;jpeg;jpe;resx;tiff;tif;png;wav;mfcribbon-ms</Extensions>
    </Filter>
    <Filter Include="Source Files\Data">
      <UniqueIdentifier>{8103b884-725a-413b-a542-94b09676b778}</UniqueIdentifier>
    </Filter>
    <Filter Include="Source Files\Levels">
      <UniqueIdentifier>{8f91fb0b-a809-4b92-9374-6f2bd5601299}</UniqueIdentifier>
    </Filter>
    <Filter Include="Source Files\Managers">
      <UniqueIdentifier>{dd463d79-485b-4117-bc47-2363ac2bf2c0}</UniqueIdentifier>
    </Filter>
    <Filter Include="Source Files\Player">
      <UniqueIdentifier>{a83845b0-3c50-4c15-8bed-21f973bebd72}</UniqueIdentifier>
    </Filter>
  </ItemGroup>
  <ItemGroup>
    <ClCompile Include="Unleashed.cpp">
      <Filter>Source Files</Filter>
    </ClCompile>
    <ClCompile Include="src\Player.cpp">
      <Filter>Source Files\Player</Filter>
    </ClCompile>
    <ClCompile Include="src\FileManager.cpp">
      <Filter>Source Files\Data</Filter>
    </ClCompile>
    <ClCompile Include="src\Dungeon.cpp">
      <Filter>Source Files</Filter>
    </ClCompile>
    <ClCompile Include="src\Dungeons\CaveDungeon.cpp">
      <Filter>Source Files</Filter>
    </ClCompile>
    <ClCompile Include="src\Items\Item.cpp">
      <Filter>Source Files</Filter>
    </ClCompile>
    <ClCompile Include="src\Items\Swords\Sword.cpp">
      <Filter>Source Files</Filter>
    </ClCompile>
    <ClCompile Include="src\Items\Coin.cpp">
      <Filter>Source Files</Filter>
    </ClCompile>
    <ClCompile Include="src\Enemies\BaseEnemy.cpp">
      <Filter>Source Files</Filter>
    </ClCompile>
    <ClCompile Include="src\Enemies\SkeletonEnemy.cpp">
      <Filter>Source Files</Filter>
    </ClCompile>
    <ClCompile Include="src\Duel.cpp">
      <Filter>Source Files</Filter>
    </ClCompile>
  </ItemGroup>
  <ItemGroup>
    <ClInclude Include="headers\Player.h">
      <Filter>Header Files</Filter>
    </ClInclude>
    <ClInclude Include="headers\FileManager.h">
      <Filter>Header Files</Filter>
    </ClInclude>
    <ClInclude Include="headers\Dungeon Headers\Dungeon.h">
      <Filter>Header Files</Filter>
    </ClInclude>
    <ClInclude Include="headers\Dungeon Headers\CaveDungeon.h">
      <Filter>Header Files</Filter>
    </ClInclude>
    <ClInclude Include="headers\Dungeon Headers\Dungeons.h">
      <Filter>Header Files</Filter>
    </ClInclude>
    <ClInclude Include="headers\Item Headers\Item.h">
      <Filter>Header Files</Filter>
    </ClInclude>
    <ClInclude Include="headers\Item Headers\Items.h">
      <Filter>Header Files</Filter>
    </ClInclude>
    <ClInclude Include="headers\Item Headers\Sword Headers\Sword.h">
      <Filter>Header Files</Filter>
    </ClInclude>
    <ClInclude Include="headers\Item Headers\Coin.h">
      <Filter>Header Files</Filter>
    </ClInclude>
    <ClInclude Include="headers\Enemy Headers\BaseEnemy.h">
      <Filter>Header Files</Filter>
    </ClInclude>
    <ClInclude Include="headers\Enemy Headers\Enemies.h">
      <Filter>Header Files</Filter>
    </ClInclude>
    <ClInclude Include="headers\Enemy Headers\SkeletonEnemy.h">
      <Filter>Header Files</Filter>
    </ClInclude>
    <ClInclude Include="headers\Duel.h">
      <Filter>Header Files</Filter>
    </ClInclude>
  </ItemGroup>
</Project>